
Microsoft Visual Studio Solution File, Format Version 12.00
# Visual Studio 15
VisualStudioVersion = 15.0.26403.7
MinimumVisualStudioVersion = 10.0.40219.1
Project("{FAE04EC0-301F-11D3-BF4B-00C04F79EFBC}") = "Paint", "Paint\Paint.csproj", "{C24C872E-B020-4BD7-AD5C-BD69A2E6C2BA}"
EndProject
Project("{FAE04EC0-301F-11D3-BF4B-00C04F79EFBC}") = "Paint.Tests", "Paint.Tests\Paint.Tests.csproj", "{09076F15-D64D-45FB-96FB-DBA68CD0F206}"
EndProject
Global
	GlobalSection(SolutionConfigurationPlatforms) = preSolution
		Debug|Any CPU = Debug|Any CPU
		Release|Any CPU = Release|Any CPU
	EndGlobalSection
	GlobalSection(ProjectConfigurationPlatforms) = postSolution
		{C24C872E-B020-4BD7-AD5C-BD69A2E6C2BA}.Debug|Any CPU.ActiveCfg = Debug|Any CPU
		{C24C872E-B020-4BD7-AD5C-BD69A2E6C2BA}.Debug|Any CPU.Build.0 = Debug|Any CPU
		{C24C872E-B020-4BD7-AD5C-BD69A2E6C2BA}.Release|Any CPU.ActiveCfg = Release|Any CPU
		{C24C872E-B020-4BD7-AD5C-BD69A2E6C2BA}.Release|Any CPU.Build.0 = Release|Any CPU
		{09076F15-D64D-45FB-96FB-DBA68CD0F206}.Debug|Any CPU.ActiveCfg = Debug|Any CPU
		{09076F15-D64D-45FB-96FB-DBA68CD0F206}.Debug|Any CPU.Build.0 = Debug|Any CPU
		{09076F15-D64D-45FB-96FB-DBA68CD0F206}.Release|Any CPU.ActiveCfg = Release|Any CPU
		{09076F15-D64D-45FB-96FB-DBA68CD0F206}.Release|Any CPU.Build.0 = Release|Any CPU
	EndGlobalSection
	GlobalSection(SolutionProperties) = preSolution
		HideSolutionNode = FALSE
	EndGlobalSection
EndGlobal
